dependencies:
  espressif/esp_codec_dev:
    component_hash: df70f10af8d7b922add7b9d07372c9c97ab356e58d72b7a892050227c2d44348
    dependencies:
    - name: idf
      require: private
      version: '>=4.0'
    source:
      registry_url: https://components.espressif.com/
      type: service
    version: 1.5.11
  espressif/esp_lcd_touch:
    component_hash: 3f85a7d95af876f1a6ecca8eb90a81614890d0f03a038390804e5a77e2caf862
    dependencies:
    - name: idf
      require: private
      version: '>=4.4.2'
    source:
      registry_url: https://components.espressif.com/
      type: service
    version: 1.2.1
  espressif/esp_lcd_touch_cst816s:
    component_hash: a562ca3238756cca575908ed2cc4da4bab95f3815180b4f01f4c949b658bdd6d
    dependencies:
    - name: espressif/esp_lcd_touch
      registry_url: https://components.espressif.com
      require: public
      version: ^1.2.0
    - name: idf
      require: private
      version: '>=5.2'
    source:
      registry_url: https://components.espressif.com/
      type: service
    version: 1.1.1~1
  idf:
    source:
      type: idf
    version: 5.5.4
direct_dependencies:
- espressif/esp_codec_dev
- espressif/esp_lcd_touch
- espressif/esp_lcd_touch_cst816s
- idf
manifest_hash: abf7f23e7466ab341b8b4f9bfd134fa357fbf3aafc540d60ade803c7fc3b0fd4
target: esp32c6
version: 2.0.0
