dependencies:
  espressif/esp_codec_dev:
    component_hash: df70f10af8d7b922add7b9d07372c9c97ab356e58d72b7a892050227c2d44348
    dependencies:
    - name: idf
      require: private
      version: '>=4.0'
    source:
      registry_url: https://components.espressif.com/
      type: service
    version: 1.5.11
  idf:
    source:
      type: idf
    version: 5.5.4
direct_dependencies:
- espressif/esp_codec_dev
- idf
manifest_hash: 940b056f3a6e9800f6bf16a48e18e5ee882142c863c3abd259e8aa27597fe653
target: esp32c6
version: 2.0.0
